// !$*UTF8*$!
{
	archiveVersion = 1;
	classes = {
	};
	objectVersion = 56;
	objects = {

/* Begin PBXBuildFile section */
		3B757E6129900C1A003C9660 /* AppDelegate.swift in Sources */ = {isa = PBXBuildFile; fileRef = 3B757E6029900C1A003C9660 /* AppDelegate.swift */; };
		3B757E6329900C1A003C9660 /* SceneDelegate.swift in Sources */ = {isa = PBXBuildFile; fileRef = 3B757E6229900C1A003C9660 /* SceneDelegate.swift */; };
		3B757E6529900C1A003C9660 /* ViewController.swift in Sources */ = {isa = PBXBuildFile; fileRef = 3B757E6429900C1A003C9660 /* ViewController.swift */; };
		3B757E6A29900C1B003C9660 /* Assets.xcassets in Resources */ = {isa = PBXBuildFile; fileRef = 3B757E6929900C1B003C9660 /* Assets.xcassets */; };
		3B757E6D29900C1B003C9660 /* LaunchScreen.storyboard in Resources */ = {isa = PBXBuildFile; fileRef = 3B757E6B29900C1B003C9660 /* LaunchScreen.storyboard */; };
		3B757E7629900E17003C9660 /* SnapKit in Frameworks */ = {isa = PBXBuildFile; productRef = 3B757E7529900E17003C9660 /* SnapKit */; };
		3B757E7D29900FAD003C9660 /* CallView.swift in Sources */ = {isa = PBXBuildFile; fileRef = 3B757E7C29900FAD003C9660 /* CallView.swift */; };
		3B757E8029902435003C9660 /* RxSwift in Frameworks */ = {isa = PBXBuildFile; productRef = 3B757E7F29902435003C9660 /* RxSwift */; };
		3B81B90D2992C1F6006864A6 /* MaxVIew.swift in Sources */ = {isa = PBXBuildFile; fileRef = 3B81B90C2992C1F6006864A6 /* MaxVIew.swift */; };
/* End PBXBuildFile section */

/* Begin PBXFileReference section */
		3B757E5D29900C1A003C9660 /* Cinnamon.app */ = {isa = PBXFileReference; explicitFileType = wrapper.application; includeInIndex = 0; path = Cinnamon.app; sourceTree = BUILT_PRODUCTS_DIR; };
		3B757E6029900C1A003C9660 /* AppDelegate.swift */ = {isa = PBXFileReference; lastKnownFileType = sourcecode.swift; path = AppDelegate.swift; sourceTree = "<group>"; };
		3B757E6229900C1A003C9660 /* SceneDelegate.swift */ = {isa = PBXFileReference; lastKnownFileType = sourcecode.swift; path = SceneDelegate.swift; sourceTree = "<group>"; };
		3B757E6429900C1A003C9660 /* ViewController.swift */ = {isa = PBXFileReference; lastKnownFileType = sourcecode.swift; path = ViewController.swift; sourceTree = "<group>"; };
		3B757E6929900C1B003C9660 /* Assets.xcassets */ = {isa = PBXFileReference; lastKnownFileType = folder.assetcatalog; path = Assets.xcassets; sourceTree = "<group>"; };
		3B757E6C29900C1B003C9660 /* Base */ = {isa = PBXFileReference; lastKnownFileType = file.storyboard; name = Base; path = Base.lproj/LaunchScreen.storyboard; sourceTree = "<group>"; };
		3B757E6E29900C1B003C9660 /* Info.plist */ = {isa = PBXFileReference; lastKnownFileType = text.plist.xml; path = Info.plist; sourceTree = "<group>"; };
		3B757E7C29900FAD003C9660 /* CallView.swift */ = {isa = PBXFileReference; lastKnownFileType = sourcecode.swift; path = CallView.swift; sourceTree = "<group>"; };
		3B81B90C2992C1F6006864A6 /* MaxVIew.swift */ = {isa = PBXFileReference; lastKnownFileType = sourcecode.swift; path = MaxVIew.swift; sourceTree = "<group>"; };
/* End PBXFileReference section */

/* Begin PBXFrameworksBuildPhase section */
		3B757E5A29900C1A003C9660 /* Frameworks */ = {
			isa = PBXFrameworksBuildPhase;
			buildActionMask = 2147483647;
			files = (
				3B757E8029902435003C9660 /* RxSwift in Frameworks */,
				3B757E7629900E17003C9660 /* SnapKit in Frameworks */,
			);
			runOnlyForDeploymentPostprocessing = 0;
		};
/* End PBXFrameworksBuildPhase section */

/* Begin PBXGroup section */
		3B757E5429900C1A003C9660 = {
			isa = PBXGroup;
			children = (
				3B757E5F29900C1A003C9660 /* Cinnamon */,
				3B757E5E29900C1A003C9660 /* Products */,
			);
			sourceTree = "<group>";
		};
		3B757E5E29900C1A003C9660 /* Products */ = {
			isa = PBXGroup;
			children = (
				3B757E5D29900C1A003C9660 /* Cinnamon.app */,
			);
			name = Products;
			sourceTree = "<group>";
		};
		3B757E5F29900C1A003C9660 /* Cinnamon */ = {
			isa = PBXGroup;
			children = (
				3B757E7B29900EF4003C9660 /* Model */,
				3B757E7A29900EEC003C9660 /* ModelView */,
				3B757E7829900EE0003C9660 /* View */,
				3B757E7729900EB7003C9660 /* Supporting */,
			);
			path = Cinnamon;
			sourceTree = "<group>";
		};
		3B757E7729900EB7003C9660 /* Supporting */ = {
			isa = PBXGroup;
			children = (
				3B757E6B29900C1B003C9660 /* LaunchScreen.storyboard */,
				3B757E6929900C1B003C9660 /* Assets.xcassets */,
				3B757E6E29900C1B003C9660 /* Info.plist */,
				3B757E6029900C1A003C9660 /* AppDelegate.swift */,
				3B757E6229900C1A003C9660 /* SceneDelegate.swift */,
			);
			path = Supporting;
			sourceTree = "<group>";
		};
		3B757E7829900EE0003C9660 /* View */ = {
			isa = PBXGroup;
			children = (
				3B757E6429900C1A003C9660 /* ViewController.swift */,
				3B757E7C29900FAD003C9660 /* CallView.swift */,
				3B81B90C2992C1F6006864A6 /* MaxVIew.swift */,
			);
			path = View;
			sourceTree = "<group>";
		};
		3B757E7A29900EEC003C9660 /* ModelView */ = {
			isa = PBXGroup;
			children = (
			);
			path = ModelView;
			sourceTree = "<group>";
		};
		3B757E7B29900EF4003C9660 /* Model */ = {
			isa = PBXGroup;
			children = (
			);
			path = Model;
			sourceTree = "<group>";
		};
/* End PBXGroup section */

/* Begin PBXNativeTarget section */
		3B757E5C29900C1A003C9660 /* Cinnamon */ = {
			isa = PBXNativeTarget;
			buildConfigurationList = 3B757E7129900C1B003C9660 /* Build configuration list for PBXNativeTarget "Cinnamon" */;
			buildPhases = (
				3B757E5929900C1A003C9660 /* Sources */,
				3B757E5A29900C1A003C9660 /* Frameworks */,
				3B757E5B29900C1A003C9660 /* Resources */,
			);
			buildRules = (
			);
			dependencies = (
			);
			name = Cinnamon;
			packageProductDependencies = (
				3B757E7529900E17003C9660 /* SnapKit */,
				3B757E7F29902435003C9660 /* RxSwift */,
			);
			productName = Cinnamon;
			productReference = 3B757E5D29900C1A003C9660 /* Cinnamon.app */;
			productType = "com.apple.product-type.application";
		};
/* End PBXNativeTarget section */

/* Begin PBXProject section */
		3B757E5529900C1A003C9660 /* Project object */ = {
			isa = PBXProject;
			attributes = {
				BuildIndependentTargetsInParallel = 1;
				LastSwiftUpdateCheck = 1420;
				LastUpgradeCheck = 1420;
				TargetAttributes = {
					3B757E5C29900C1A003C9660 = {
						CreatedOnToolsVersion = 14.2;
					};
				};
			};
			buildConfigurationList = 3B757E5829900C1A003C9660 /* Build configuration list for PBXProject "Cinnamon" */;
			compatibilityVersion = "Xcode 14.0";
			developmentRegion = en;
			hasScannedForEncodings = 0;
			knownRegions = (
				en,
				Base,
			);
			mainGroup = 3B757E5429900C1A003C9660;
			packageReferences = (
				3B757E7429900E16003C9660 /* XCRemoteSwiftPackageReference "SnapKit" */,
				3B757E7E29902435003C9660 /* XCRemoteSwiftPackageReference "RxSwift" */,
			);
			productRefGroup = 3B757E5E29900C1A003C9660 /* Products */;
			projectDirPath = "";
			projectRoot = "";
			targets = (
				3B757E5C29900C1A003C9660 /* Cinnamon */,
			);
		};
/* End PBXProject section */

/* Begin PBXResourcesBuildPhase section */
		3B757E5B29900C1A003C9660 /* Resources */ = {
			isa = PBXResourcesBuildPhase;
			buildActionMask = 2147483647;
			files = (
				3B757E6D29900C1B003C9660 /* LaunchScreen.storyboard in Resources */,
				3B757E6A29900C1B003C9660 /* Assets.xcassets in Resources */,
			);
			runOnlyForDeploymentPostprocessing = 0;
		};
/* End PBXResourcesBuildPhase section */

/* Begin PBXSourcesBuildPhase section */
		3B757E5929900C1A003C9660 /* Sources */ = {
			isa = PBXSourcesBuildPhase;
			buildActionMask = 2147483647;
			files = (
				3B81B90D2992C1F6006864A6 /* MaxVIew.swift in Sources */,
				3B757E7D29900FAD003C9660 /* CallView.swift in Sources */,
				3B757E6529900C1A003C9660 /* ViewController.swift in Sources */,
				3B757E6129900C1A003C9660 /* AppDelegate.swift in Sources */,
				3B757E6329900C1A003C9660 /* SceneDelegate.swift in Sources */,
			);
			runOnlyForDeploymentPostprocessing = 0;
		};
/* End PBXSourcesBuildPhase section */

/* Begin PBXVariantGroup section */
		3B757E6B29900C1B003C9660 /* LaunchScreen.storyboard */ = {
			isa = PBXVariantGroup;
			children = (
				3B757E6C29900C1B003C9660 /* Base */,
			);
			name = LaunchScreen.storyboard;
			sourceTree = "<group>";
		};
/* End PBXVariantGroup section */

/* Begin XCBuildConfiguration section */
		3B757E6F29900C1B003C9660 /* Debug */ = {
			isa = XCBuildConfiguration;
			buildSettings = {
				ALWAYS_SEARCH_USER_PATHS = NO;
				CLANG_ANALYZER_NONNULL = YES;
				CLANG_ANALYZER_NUMBER_OBJECT_CONVERSION = YES_AGGRESSIVE;
				CLANG_CXX_LANGUAGE_STANDARD = "gnu++20";
				CLANG_ENABLE_MODULES = YES;
				CLANG_ENABLE_OBJC_ARC = YES;
				CLANG_ENABLE_OBJC_WEAK = YES;
				CLANG_WARN_BLOCK_CAPTURE_AUTORELEASING = YES;
				CLANG_WARN_BOOL_CONVERSION = YES;
				CLANG_WARN_COMMA = YES;
				CLANG_WARN_CONSTANT_CONVERSION = YES;
				CLANG_WARN_DEPRECATED_OBJC_IMPLEMENTATIONS = YES;
				CLANG_WARN_DIRECT_OBJC_ISA_USAGE = YES_ERROR;
				CLANG_WARN_DOCUMENTATION_COMMENTS = YES;
				CLANG_WARN_EMPTY_BODY = YES;
				CLANG_WARN_ENUM_CONVERSION = YES;
				CLANG_WARN_INFINITE_RECURSION = YES;
				CLANG_WARN_INT_CONVERSION = YES;
				CLANG_WARN_NON_LITERAL_NULL_CONVERSION = YES;
				CLANG_WARN_OBJC_IMPLICIT_RETAIN_SELF = YES;
				CLANG_WARN_OBJC_LITERAL_CONVERSION = YES;
				CLANG_WARN_OBJC_ROOT_CLASS = YES_ERROR;
				CLANG_WARN_QUOTED_INCLUDE_IN_FRAMEWORK_HEADER = YES;
				CLANG_WARN_RANGE_LOOP_ANALYSIS = YES;
				CLANG_WARN_STRICT_PROTOTYPES = YES;
				CLANG_WARN_SUSPICIOUS_MOVE = YES;
				CLANG_WARN_UNGUARDED_AVAILABILITY = YES_AGGRESSIVE;
				CLANG_WARN_UNREACHABLE_CODE = YES;
				CLANG_WARN__DUPLICATE_METHOD_MATCH = YES;
				COPY_PHASE_STRIP = NO;
				DEBUG_INFORMATION_FORMAT = dwarf;
				ENABLE_STRICT_OBJC_MSGSEND = YES;
				ENABLE_TESTABILITY = YES;
				GCC_C_LANGUAGE_STANDARD = gnu11;
				GCC_DYNAMIC_NO_PIC = NO;
				GCC_NO_COMMON_BLOCKS = YES;
				GCC_OPTIMIZATION_LEVEL = 0;
				GCC_PREPROCESSOR_DEFINITIONS = (
					"DEBUG=1",
					"$(inherited)",
				);
				GCC_WARN_64_TO_32_BIT_CONVERSION = YES;
				GCC_WARN_ABOUT_RETURN_TYPE = YES_ERROR;
				GCC_WARN_UNDECLARED_SELECTOR = YES;
				GCC_WARN_UNINITIALIZED_AUTOS = YES_AGGRESSIVE;
				GCC_WARN_UNUSED_FUNCTION = YES;
				GCC_WARN_UNUSED_VARIABLE = YES;
				IPHONEOS_DEPLOYMENT_TARGET = 16.2;
				MTL_ENABLE_DEBUG_INFO = INCLUDE_SOURCE;
				MTL_FAST_MATH = YES;
				ONLY_ACTIVE_ARCH = YES;
				SDKROOT = iphoneos;
				SWIFT_ACTIVE_COMPILATION_CONDITIONS = DEBUG;
				SWIFT_OPTIMIZATION_LEVEL = "-Onone";
			};
			name = Debug;
		};
		3B757E7029900C1B003C9660 /* Release */ = {
			isa = XCBuildConfiguration;
			buildSettings = {
				ALWAYS_SEARCH_USER_PATHS = NO;
				CLANG_ANALYZER_NONNULL = YES;
				CLANG_ANALYZER_NUMBER_OBJECT_CONVERSION = YES_AGGRESSIVE;
				CLANG_CXX_LANGUAGE_STANDARD = "gnu++20";
				CLANG_ENABLE_MODULES = YES;
				CLANG_ENABLE_OBJC_ARC = YES;
				CLANG_ENABLE_OBJC_WEAK = YES;
				CLANG_WARN_BLOCK_CAPTURE_AUTORELEASING = YES;
				CLANG_WARN_BOOL_CONVERSION = YES;
				CLANG_WARN_COMMA = YES;
				CLANG_WARN_CONSTANT_CONVERSION = YES;
				CLANG_WARN_DEPRECATED_OBJC_IMPLEMENTATIONS = YES;
				CLANG_WARN_DIRECT_OBJC_ISA_USAGE = YES_ERROR;
				CLANG_WARN_DOCUMENTATION_COMMENTS = YES;
				CLANG_WARN_EMPTY_BODY = YES;
				CLANG_WARN_ENUM_CONVERSION = YES;
				CLANG_WARN_INFINITE_RECURSION = YES;
				CLANG_WARN_INT_CONVERSION = YES;
				CLANG_WARN_NON_LITERAL_NULL_CONVERSION = YES;
				CLANG_WARN_OBJC_IMPLICIT_RETAIN_SELF = YES;
				CLANG_WARN_OBJC_LITERAL_CONVERSION = YES;
				CLANG_WARN_OBJC_ROOT_CLASS = YES_ERROR;
				CLANG_WARN_QUOTED_INCLUDE_IN_FRAMEWORK_HEADER = YES;
				CLANG_WARN_RANGE_LOOP_ANALYSIS = YES;
				CLANG_WARN_STRICT_PROTOTYPES = YES;
				CLANG_WARN_SUSPICIOUS_MOVE = YES;
				CLANG_WARN_UNGUARDED_AVAILABILITY = YES_AGGRESSIVE;
				CLANG_WARN_UNREACHABLE_CODE = YES;
				CLANG_WARN__DUPLICATE_METHOD_MATCH = YES;
				COPY_PHASE_STRIP = NO;
				DEBUG_INFORMATION_FORMAT = "dwarf-with-dsym";
				ENABLE_NS_ASSERTIONS = NO;
				ENABLE_STRICT_OBJC_MSGSEND = YES;
				GCC_C_LANGUAGE_STANDARD = gnu11;
				GCC_NO_COMMON_BLOCKS = YES;
				GCC_WARN_64_TO_32_BIT_CONVERSION = YES;
				GCC_WARN_ABOUT_RETURN_TYPE = YES_ERROR;
				GCC_WARN_UNDECLARED_SELECTOR = YES;
				GCC_WARN_UNINITIALIZED_AUTOS = YES_AGGRESSIVE;
				GCC_WARN_UNUSED_FUNCTION = YES;
				GCC_WARN_UNUSED_VARIABLE = YES;
				IPHONEOS_DEPLOYMENT_TARGET = 16.2;
				MTL_ENABLE_DEBUG_INFO = NO;
				MTL_FAST_MATH = YES;
				SDKROOT = iphoneos;
				SWIFT_COMPILATION_MODE = wholemodule;
				SWIFT_OPTIMIZATION_LEVEL = "-O";
				VALIDATE_PRODUCT = YES;
			};
			name = Release;
		};
		3B757E7229900C1B003C9660 /* Debug */ = {
			isa = XCBuildConfiguration;
			buildSettings = {
				ASSETCATALOG_COMPILER_APPICON_NAME = AppIcon;
				ASSETCATALOG_COMPILER_GLOBAL_ACCENT_COLOR_NAME = AccentColor;
				CODE_SIGN_STYLE = Automatic;
				CURRENT_PROJECT_VERSION = 1;
				DEVELOPMENT_TEAM = JX5SWB7X9Y;
				GENERATE_INFOPLIST_FILE = YES;
				INFOPLIST_FILE = Cinnamon/Supporting/Info.plist;
				INFOPLIST_KEY_UIApplicationSupportsIndirectInputEvents = YES;
				INFOPLIST_KEY_UILaunchStoryboardName = LaunchScreen;
				INFOPLIST_KEY_UISupportedInterfaceOrientations = UIInterfaceOrientationPortrait;
				INFOPLIST_KEY_UISupportedInterfaceOrientations_iPad = "UIInterfaceOrientationLandscapeLeft UIInterfaceOrientationLandscapeRight UIInterfaceOrientationPortrait UIInterfaceOrientationPortraitUpsideDown";
				IPHONEOS_DEPLOYMENT_TARGET = 16.0;
				LD_RUNPATH_SEARCH_PATHS = (
					"$(inherited)",
					"@executable_path/Frameworks",
				);
				MARKETING_VERSION = 1.0;
				PRODUCT_BUNDLE_IDENTIFIER = soyombo.Cinnamon;
				PRODUCT_NAME = "$(TARGET_NAME)";
				SUPPORTED_PLATFORMS = "iphoneos iphonesimulator";
				SUPPORTS_MACCATALYST = NO;
				SUPPORTS_MAC_DESIGNED_FOR_IPHONE_IPAD = NO;
				SWIFT_EMIT_LOC_STRINGS = YES;
				SWIFT_VERSION = 5.0;
				TARGETED_DEVICE_FAMILY = 1;
			};
			name = Debug;
		};
		3B757E7329900C1B003C9660 /* Release */ = {
			isa = XCBuildConfiguration;
			buildSettings = {
				ASSETCATALOG_COMPILER_APPICON_NAME = AppIcon;
				ASSETCATALOG_COMPILER_GLOBAL_ACCENT_COLOR_NAME = AccentColor;
				CODE_SIGN_STYLE = Automatic;
				CURRENT_PROJECT_VERSION = 1;
				DEVELOPMENT_TEAM = JX5SWB7X9Y;
				GENERATE_INFOPLIST_FILE = YES;
				INFOPLIST_FILE = Cinnamon/Supporting/Info.plist;
				INFOPLIST_KEY_UIApplicationSupportsIndirectInputEvents = YES;
				INFOPLIST_KEY_UILaunchStoryboardName = LaunchScreen;
				INFOPLIST_KEY_UISupportedInterfaceOrientations = UIInterfaceOrientationPortrait;
				INFOPLIST_KEY_UISupportedInterfaceOrientations_iPad = "UIInterfaceOrientationLandscapeLeft UIInterfaceOrientationLandscapeRight UIInterfaceOrientationPortrait UIInterfaceOrientationPortraitUpsideDown";
				IPHONEOS_DEPLOYMENT_TARGET = 16.0;
				LD_RUNPATH_SEARCH_PATHS = (
					"$(inherited)",
					"@executable_path/Frameworks",
				);
				MARKETING_VERSION = 1.0;
				PRODUCT_BUNDLE_IDENTIFIER = soyombo.Cinnamon;
				PRODUCT_NAME = "$(TARGET_NAME)";
				SUPPORTED_PLATFORMS = "iphoneos iphonesimulator";
				SUPPORTS_MACCATALYST = NO;
				SUPPORTS_MAC_DESIGNED_FOR_IPHONE_IPAD = NO;
				SWIFT_EMIT_LOC_STRINGS = YES;
				SWIFT_VERSION = 5.0;
				TARGETED_DEVICE_FAMILY = 1;
			};
			name = Release;
		};
/* End XCBuildConfiguration section */

/* Begin XCConfigurationList section */
		3B757E5829900C1A003C9660 /* Build configuration list for PBXProject "Cinnamon" */ = {
			isa = XCConfigurationList;
			buildConfigurations = (
				3B757E6F29900C1B003C9660 /* Debug */,
				3B757E7029900C1B003C9660 /* Release */,
			);
			defaultConfigurationIsVisible = 0;
			defaultConfigurationName = Release;
		};
		3B757E7129900C1B003C9660 /* Build configuration list for PBXNativeTarget "Cinnamon" */ = {
			isa = XCConfigurationList;
			buildConfigurations = (
				3B757E7229900C1B003C9660 /* Debug */,
				3B757E7329900C1B003C9660 /* Release */,
			);
			defaultConfigurationIsVisible = 0;
			defaultConfigurationName = Release;
		};
/* End XCConfigurationList section */

/* Begin XCRemoteSwiftPackageReference section */
		3B757E7429900E16003C9660 /* XCRemoteSwiftPackageReference "SnapKit" */ = {
			isa = XCRemoteSwiftPackageReference;
			repositoryURL = "https://github.com/SnapKit/SnapKit";
			requirement = {
				branch = develop;
				kind = branch;
			};
		};
		3B757E7E29902435003C9660 /* XCRemoteSwiftPackageReference "RxSwift" */ = {
			isa = XCRemoteSwiftPackageReference;
			repositoryURL = "https://github.com/ReactiveX/RxSwift";
			requirement = {
				kind = upToNextMajorVersion;
				minimumVersion = 6.0.0;
			};
		};
/* End XCRemoteSwiftPackageReference section */

/* Begin XCSwiftPackageProductDependency section */
		3B757E7529900E17003C9660 /* SnapKit */ = {
			isa = XCSwiftPackageProductDependency;
			package = 3B757E7429900E16003C9660 /* XCRemoteSwiftPackageReference "SnapKit" */;
			productName = SnapKit;
		};
		3B757E7F29902435003C9660 /* RxSwift */ = {
			isa = XCSwiftPackageProductDependency;
			package = 3B757E7E29902435003C9660 /* XCRemoteSwiftPackageReference "RxSwift" */;
			productName = RxSwift;
		};
/* End XCSwiftPackageProductDependency section */
	};
	rootObject = 3B757E5529900C1A003C9660 /* Project object */;
}
